uuid: 95c9ff5f-1d94-41ca-9926-07b290a0faef
langcode: en
status: true
dependencies:
  theme:
    - huntink
id: huntink_informationblock
theme: huntink
region: featured_bottom_first
weight: 0
provider: null
plugin: information_block
settings:
  id: information_block
  label: 'Information block'
  provider: subscribe
  label_display: visible
visibility: {  }
