uuid: 6d6439f3-1d92-4e37-9ef1-528a4db60498
langcode: en
status: false
dependencies:
  module:
    - drupal_subscribe_demos
  theme:
    - huntink
id: subscribeblock
theme: huntink
region: featured_top
weight: -5
provider: null
plugin: subscribe_block
settings:
  id: subscribe_block
  label: 'Subscribe block'
  provider: drupal_subscribe_demos
  label_display: visible
visibility: {  }
